<?xml version="1.0" encoding="utf-8"?>
<Project ToolsVersion="4.0" xmlns="http://schemas.microsoft.com/developer/msbuild/2003">
  <ItemGroup>
    <Filter Include="Source Files">
      <UniqueIdentifier>{c8960be7-05b3-472d-869e-1adb756e30b0}</UniqueIdentifier>
      <Extensions>cpp;c;cxx;rc;def;r;odl;idl;hpj;bat</Extensions>
    </Filter>
    <Filter Include="Header Files">
      <UniqueIdentifier>{88ea3716-70b4-465f-a851-60bcdfa337c8}</UniqueIdentifier>
      <Extensions>h;hpp;hxx;hm;inl</Extensions>
    </Filter>
    <Filter Include="Resource Files">
      <UniqueIdentifier>{51e8ed7f-afc4-4020-afab-795bea55cb92}</UniqueIdentifier>
      <Extensions>ico;cur;bmp;dlg;rc2;rct;bin;rgs;gif;jpg;jpeg;jpe</Extensions>
    </Filter>
    <Filter Include="Ddk Build">
      <UniqueIdentifier>{c0b61efa-748c-4e6f-96a9-3e2e4973b96b}</UniqueIdentifier>
    </Filter>
  </ItemGroup>
  <ItemGroup>
    <ClCompile Include="..\AccessDialog.cpp">
      <Filter>Source Files</Filter>
    </ClCompile>
    <ClCompile Include="..\AccessSpecList.cpp">
      <Filter>Source Files</Filter>
    </ClCompile>
    <ClCompile Include="..\BigMeter.cpp">
      <Filter>Source Files</Filter>
    </ClCompile>
    <ClCompile Include="..\GalileoApp.cpp">
      <Filter>Source Files</Filter>
    </ClCompile>
    <ClCompile Include="..\GalileoCmdLine.cpp">
      <Filter>Source Files</Filter>
    </ClCompile>
    <ClCompile Include="..\GalileoDoc.cpp">
      <Filter>Source Files</Filter>
    </ClCompile>
    <ClCompile Include="..\GalileoGlobals.cpp">
      <Filter>Source Files</Filter>
    </ClCompile>
    <ClCompile Include="..\GalileoView.cpp">
      <Filter>Source Files</Filter>
    </ClCompile>
    <ClCompile Include="..\ICF_ifstream.cpp">
      <Filter>Source Files</Filter>
    </ClCompile>
    <ClCompile Include="..\ICFOpenDialog.cpp">
      <Filter>Source Files</Filter>
    </ClCompile>
    <ClCompile Include="..\ICFSaveDialog.cpp">
      <Filter>Source Files</Filter>
    </ClCompile>
    <ClCompile Include="..\IOAccess.cpp">
      <Filter>Source Files</Filter>
    </ClCompile>
    <ClCompile Include="..\IOGlobals.cpp">
      <Filter>Source Files</Filter>
    </ClCompile>
    <ClCompile Include="..\IOPort.cpp">
      <Filter>Source Files</Filter>
    </ClCompile>
    <ClCompile Include="..\IOPortTCP.cpp">
      <Filter>Source Files</Filter>
    </ClCompile>
    <ClCompile Include="..\IOTime.cpp">
      <Filter>Source Files</Filter>
    </ClCompile>
    <ClCompile Include="..\LegalBox.cpp">
      <Filter>Source Files</Filter>
    </ClCompile>
    <ClCompile Include="..\MainFrm.cpp">
      <Filter>Source Files</Filter>
    </ClCompile>
    <ClCompile Include="..\Manager.cpp">
      <Filter>Source Files</Filter>
    </ClCompile>
    <ClCompile Include="..\ManagerList.cpp">
      <Filter>Source Files</Filter>
    </ClCompile>
    <ClCompile Include="..\ManagerMap.cpp">
      <Filter>Source Files</Filter>
    </ClCompile>
    <ClCompile Include="..\MeterCtrl.cpp">
      <Filter>Source Files</Filter>
    </ClCompile>
    <ClCompile Include="..\PageAccess.cpp">
      <Filter>Source Files</Filter>
    </ClCompile>
    <ClCompile Include="..\PageDisk.cpp">
      <Filter>Source Files</Filter>
    </ClCompile>
    <ClCompile Include="..\PageDisplay.cpp">
      <Filter>Source Files</Filter>
    </ClCompile>
    <ClCompile Include="..\PageNetwork.cpp">
      <Filter>Source Files</Filter>
    </ClCompile>
    <ClCompile Include="..\PageSetup.cpp">
      <Filter>Source Files</Filter>
    </ClCompile>
    <ClCompile Include="..\TextDisplay.cpp">
      <Filter>Source Files</Filter>
    </ClCompile>
    <ClCompile Include="..\WaitingForManagers.cpp">
      <Filter>Source Files</Filter>
    </ClCompile>
    <ClCompile Include="..\Worker.cpp">
      <Filter>Source Files</Filter>
    </ClCompile>
    <ClCompile Include="..\WorkerView.cpp">
      <Filter>Source Files</Filter>
    </ClCompile>
  </ItemGroup>
  <ItemGroup>
    <ClInclude Include="..\AccessDialog.h">
      <Filter>Header Files</Filter>
    </ClInclude>
    <ClInclude Include="..\AccessSpecList.h">
      <Filter>Header Files</Filter>
    </ClInclude>
    <ClInclude Include="..\BigMeter.h">
      <Filter>Header Files</Filter>
    </ClInclude>
    <ClInclude Include="..\GalileoApp.h">
      <Filter>Header Files</Filter>
    </ClInclude>
    <ClInclude Include="..\GalileoCmdLine.h">
      <Filter>Header Files</Filter>
    </ClInclude>
    <ClInclude Include="..\GalileoDefs.h">
      <Filter>Header Files</Filter>
    </ClInclude>
    <ClInclude Include="..\GalileoDoc.h">
      <Filter>Header Files</Filter>
    </ClInclude>
    <ClInclude Include="..\GalileoView.h">
      <Filter>Header Files</Filter>
    </ClInclude>
    <ClInclude Include="..\ICF_ifstream.h">
      <Filter>Header Files</Filter>
    </ClInclude>
    <ClInclude Include="..\ICFOpenDialog.h">
      <Filter>Header Files</Filter>
    </ClInclude>
    <ClInclude Include="..\ICFSaveDialog.h">
      <Filter>Header Files</Filter>
    </ClInclude>
    <ClInclude Include="..\IOAccess.h">
      <Filter>Header Files</Filter>
    </ClInclude>
    <ClInclude Include="..\IOCommon.h">
      <Filter>Header Files</Filter>
    </ClInclude>
    <ClInclude Include="..\IOPort.h">
      <Filter>Header Files</Filter>
    </ClInclude>
    <ClInclude Include="..\IOPortTCP.h">
      <Filter>Header Files</Filter>
    </ClInclude>
    <ClInclude Include="..\IOTest.h">
      <Filter>Header Files</Filter>
    </ClInclude>
    <ClInclude Include="..\IOTransfers.h">
      <Filter>Header Files</Filter>
    </ClInclude>
    <ClInclude Include="..\IOVersion.h">
      <Filter>Header Files</Filter>
    </ClInclude>
    <ClInclude Include="..\LegalBox.h">
      <Filter>Header Files</Filter>
    </ClInclude>
    <ClInclude Include="..\MainFrm.h">
      <Filter>Header Files</Filter>
    </ClInclude>
    <ClInclude Include="..\Manager.h">
      <Filter>Header Files</Filter>
    </ClInclude>
    <ClInclude Include="..\ManagerList.h">
      <Filter>Header Files</Filter>
    </ClInclude>
    <ClInclude Include="..\ManagerMap.h">
      <Filter>Header Files</Filter>
    </ClInclude>
    <ClInclude Include="..\MeterCtrl.h">
      <Filter>Header Files</Filter>
    </ClInclude>
    <ClInclude Include="..\ostream64.h">
      <Filter>Header Files</Filter>
    </ClInclude>
    <ClInclude Include="..\pack.h">
      <Filter>Header Files</Filter>
    </ClInclude>
    <ClInclude Include="..\PageAccess.h">
      <Filter>Header Files</Filter>
    </ClInclude>
    <ClInclude Include="..\PageDisk.h">
      <Filter>Header Files</Filter>
    </ClInclude>
    <ClInclude Include="..\PageDisplay.h">
      <Filter>Header Files</Filter>
    </ClInclude>
    <ClInclude Include="..\PageNetwork.h">
      <Filter>Header Files</Filter>
    </ClInclude>
    <ClInclude Include="..\PageSetup.h">
      <Filter>Header Files</Filter>
    </ClInclude>
    <ClInclude Include="..\PageTarget.h">
      <Filter>Header Files</Filter>
    </ClInclude>
    <ClInclude Include="..\StdAfx.h">
      <Filter>Header Files</Filter>
    </ClInclude>
    <ClInclude Include="..\TextDisplay.h">
      <Filter>Header Files</Filter>
    </ClInclude>
    <ClInclude Include="..\unpack.h">
      <Filter>Header Files</Filter>
    </ClInclude>
    <ClInclude Include="..\WaitingForManagers.h">
      <Filter>Header Files</Filter>
    </ClInclude>
    <ClInclude Include="..\Worker.h">
      <Filter>Header Files</Filter>
    </ClInclude>
    <ClInclude Include="..\WorkerView.h">
      <Filter>Header Files</Filter>
    </ClInclude>
    <ClInclude Include="..\resource.h">
      <Filter>Resource Files</Filter>
    </ClInclude>
    <ClInclude Include="..\targetver.h">
      <Filter>Header Files</Filter>
    </ClInclude>
  </ItemGroup>
  <ItemGroup>
    <Image Include="..\res\access.bmp">
      <Filter>Resource Files</Filter>
    </Image>
    <Image Include="..\res\Galileo.ico">
      <Filter>Resource Files</Filter>
    </Image>
    <Image Include="..\res\GalileoDoc.ico">
      <Filter>Resource Files</Filter>
    </Image>
    <Image Include="..\res\LED.bmp">
      <Filter>Resource Files</Filter>
    </Image>
    <Image Include="..\res\ticons.bmp">
      <Filter>Resource Files</Filter>
    </Image>
    <Image Include="..\res\Toolbar.bmp">
      <Filter>Resource Files</Filter>
    </Image>
    <Image Include="..\res\wicons.bmp">
      <Filter>Resource Files</Filter>
    </Image>
  </ItemGroup>
  <ItemGroup>
    <ResourceCompile Include="..\Galileo.rc">
      <Filter>Resource Files</Filter>
    </ResourceCompile>
  </ItemGroup>
  <ItemGroup>
    <None Include="..\Galileo\makefile">
      <Filter>Ddk Build</Filter>
    </None>
    <None Include="..\Galileo\sources">
      <Filter>Ddk Build</Filter>
    </None>
  </ItemGroup>
</Project>