Microsoft Visual Studio Solution File, Format Version 10.00
# Visual Studio 2008
Project("{8BC9CEB8-8B4A-11D0-8D11-00A0C91BC942}") = "Dynamo", "Dynamo.vcproj", "{4C1D1FAE-5490-4D9C-9877-38B54E798468}"
EndProject
Project("{8BC9CEB8-8B4A-11D0-8D11-00A0C91BC942}") = "Iometer", "Iometer.vcproj", "{C9557683-0F9B-4A51-86C1-6107E8A345B3}"
EndProject
Global
	GlobalSection(SolutionConfigurationPlatforms) = preSolution
		Debug|Itanium = Debug|Itanium
		Debug|Win32 = Debug|Win32
		Debug|x64 = Debug|x64
		Release|Itanium = Release|Itanium
		Release|Win32 = Release|Win32
		Release|x64 = Release|x64
	EndGlobalSection
	GlobalSection(ProjectConfigurationPlatforms) = postSolution
		{4C1D1FAE-5490-4D9C-9877-38B54E798468}.Debug|Itanium.ActiveCfg = Debug|Itanium
		{4C1D1FAE-5490-4D9C-9877-38B54E798468}.Debug|Itanium.Build.0 = Debug|Itanium
		{4C1D1FAE-5490-4D9C-9877-38B54E798468}.Debug|Win32.ActiveCfg = Debug|Win32
		{4C1D1FAE-5490-4D9C-9877-38B54E798468}.Debug|Win32.Build.0 = Debug|Win32
		{4C1D1FAE-5490-4D9C-9877-38B54E798468}.Debug|x64.ActiveCfg = Debug|x64
		{4C1D1FAE-5490-4D9C-9877-38B54E798468}.Debug|x64.Build.0 = Debug|x64
		{4C1D1FAE-5490-4D9C-9877-38B54E798468}.Release|Itanium.ActiveCfg = Release|Itanium
		{4C1D1FAE-5490-4D9C-9877-38B54E798468}.Release|Itanium.Build.0 = Release|Itanium
		{4C1D1FAE-5490-4D9C-9877-38B54E798468}.Release|Win32.ActiveCfg = Release|Win32
		{4C1D1FAE-5490-4D9C-9877-38B54E798468}.Release|Win32.Build.0 = Release|Win32
		{4C1D1FAE-5490-4D9C-9877-38B54E798468}.Release|x64.ActiveCfg = Release|x64
		{4C1D1FAE-5490-4D9C-9877-38B54E798468}.Release|x64.Build.0 = Release|x64
		{C9557683-0F9B-4A51-86C1-6107E8A345B3}.Debug|Itanium.ActiveCfg = Debug|Itanium
		{C9557683-0F9B-4A51-86C1-6107E8A345B3}.Debug|Itanium.Build.0 = Debug|Itanium
		{C9557683-0F9B-4A51-86C1-6107E8A345B3}.Debug|Win32.ActiveCfg = Debug|Win32
		{C9557683-0F9B-4A51-86C1-6107E8A345B3}.Debug|Win32.Build.0 = Debug|Win32
		{C9557683-0F9B-4A51-86C1-6107E8A345B3}.Debug|x64.ActiveCfg = Debug|x64
		{C9557683-0F9B-4A51-86C1-6107E8A345B3}.Debug|x64.Build.0 = Debug|x64
		{C9557683-0F9B-4A51-86C1-6107E8A345B3}.Release|Itanium.ActiveCfg = Release|Itanium
		{C9557683-0F9B-4A51-86C1-6107E8A345B3}.Release|Itanium.Build.0 = Release|Itanium
		{C9557683-0F9B-4A51-86C1-6107E8A345B3}.Release|Win32.ActiveCfg = Release|Win32
		{C9557683-0F9B-4A51-86C1-6107E8A345B3}.Release|Win32.Build.0 = Release|Win32
		{C9557683-0F9B-4A51-86C1-6107E8A345B3}.Release|x64.ActiveCfg = Release|x64
		{C9557683-0F9B-4A51-86C1-6107E8A345B3}.Release|x64.Build.0 = Release|x64
	EndGlobalSection
	GlobalSection(SolutionProperties) = preSolution
		HideSolutionNode = FALSE
	EndGlobalSection
EndGlobal
