<?xml version="1.0" encoding="utf-8"?>
<Project ToolsVersion="4.0" xmlns="http://schemas.microsoft.com/developer/msbuild/2003">
  <ItemGroup>
    <Filter Include="Source Files">
      <UniqueIdentifier>{f48c04cb-bbe5-4288-a440-d3268e26871c}</UniqueIdentifier>
      <Extensions>cpp;c;cxx;rc;def;r;odl;idl;hpj;bat</Extensions>
    </Filter>
    <Filter Include="Header Files">
      <UniqueIdentifier>{9687c813-db1c-4495-acb1-c7fcec5ebfd3}</UniqueIdentifier>
      <Extensions>h;hpp;hxx;hm;inl</Extensions>
    </Filter>
    <Filter Include="Resource Files">
      <UniqueIdentifier>{7bc99bd6-5d57-4c1b-b259-14bce03719e7}</UniqueIdentifier>
      <Extensions>ico;cur;bmp;dlg;rc2;rct;bin;rgs;gif;jpg;jpeg;jpe</Extensions>
    </Filter>
    <Filter Include="Ddk Build">
      <UniqueIdentifier>{00590bb3-0bb4-4269-9708-6a7272fc4e8c}</UniqueIdentifier>
    </Filter>
    <Filter Include="non-Windows">
      <UniqueIdentifier>{61dea500-265f-46d4-a568-27998cb32302}</UniqueIdentifier>
    </Filter>
  </ItemGroup>
  <ItemGroup>
    <ClCompile Include="..\ByteOrder.cpp">
      <Filter>Source Files</Filter>
    </ClCompile>
    <ClCompile Include="..\IOAccess.cpp">
      <Filter>Source Files</Filter>
    </ClCompile>
    <ClCompile Include="..\IOCompletionQ.cpp">
      <Filter>Source Files</Filter>
    </ClCompile>
    <ClCompile Include="..\IOCQAIO.cpp">
      <Filter>Source Files</Filter>
    </ClCompile>
    <ClCompile Include="..\IOCQVI.cpp">
      <Filter>Source Files</Filter>
    </ClCompile>
    <ClCompile Include="..\IOGlobals.cpp">
      <Filter>Source Files</Filter>
    </ClCompile>
    <ClCompile Include="..\IOGrunt.cpp">
      <Filter>Source Files</Filter>
    </ClCompile>
    <ClCompile Include="..\IOManager.cpp">
      <Filter>Source Files</Filter>
    </ClCompile>
    <ClCompile Include="..\IOManagerWin.cpp">
      <Filter>Source Files</Filter>
    </ClCompile>
    <ClCompile Include="..\IOPerformance.cpp">
      <Filter>Source Files</Filter>
    </ClCompile>
    <ClCompile Include="..\IOPort.cpp">
      <Filter>Source Files</Filter>
    </ClCompile>
    <ClCompile Include="..\IOPortTCP.cpp">
      <Filter>Source Files</Filter>
    </ClCompile>
    <ClCompile Include="..\IOTarget.cpp">
      <Filter>Source Files</Filter>
    </ClCompile>
    <ClCompile Include="..\IOTargetDisk.cpp">
      <Filter>Source Files</Filter>
    </ClCompile>
    <ClCompile Include="..\IOTargetTCP.cpp">
      <Filter>Source Files</Filter>
    </ClCompile>
    <ClCompile Include="..\IOTargetVI.cpp">
      <Filter>Source Files</Filter>
    </ClCompile>
    <ClCompile Include="..\IOTime.cpp">
      <Filter>Source Files</Filter>
    </ClCompile>
    <ClCompile Include="..\IOVIPL.cpp">
      <Filter>Source Files</Filter>
    </ClCompile>
    <ClCompile Include="..\NetTCP.cpp">
      <Filter>Source Files</Filter>
    </ClCompile>
    <ClCompile Include="..\NetVI.cpp">
      <Filter>Source Files</Filter>
    </ClCompile>
    <ClCompile Include="..\Network.cpp">
      <Filter>Source Files</Filter>
    </ClCompile>
    <ClCompile Include="..\Pulsar.cpp">
      <Filter>Source Files</Filter>
    </ClCompile>
    <ClCompile Include="..\VINic.cpp">
      <Filter>Source Files</Filter>
    </ClCompile>
    <ClCompile Include="..\IOManagerLinux.cpp">
      <Filter>non-Windows</Filter>
    </ClCompile>
    <ClCompile Include="..\IOManagerNetware.cpp">
      <Filter>non-Windows</Filter>
    </ClCompile>
    <ClCompile Include="..\IOManagerOSX.cpp">
      <Filter>non-Windows</Filter>
    </ClCompile>
    <ClCompile Include="..\IOManagerSolaris.cpp">
      <Filter>non-Windows</Filter>
    </ClCompile>
    <ClCompile Include="..\IOPerformanceLinux.cpp">
      <Filter>non-Windows</Filter>
    </ClCompile>
    <ClCompile Include="..\IOPerformanceNetware.cpp">
      <Filter>non-Windows</Filter>
    </ClCompile>
    <ClCompile Include="..\IOPerformanceOSX.cpp">
      <Filter>non-Windows</Filter>
    </ClCompile>
  </ItemGroup>
  <ItemGroup>
    <ClInclude Include="..\IOAccess.h">
      <Filter>Header Files</Filter>
    </ClInclude>
    <ClInclude Include="..\IOCommon.h">
      <Filter>Header Files</Filter>
    </ClInclude>
    <ClInclude Include="..\IOCQ.h">
      <Filter>Header Files</Filter>
    </ClInclude>
    <ClInclude Include="..\IOCQAIO.h">
      <Filter>Header Files</Filter>
    </ClInclude>
    <ClInclude Include="..\IOCQVI.h">
      <Filter>Header Files</Filter>
    </ClInclude>
    <ClInclude Include="..\IOGrunt.h">
      <Filter>Header Files</Filter>
    </ClInclude>
    <ClInclude Include="..\IOManager.h">
      <Filter>Header Files</Filter>
    </ClInclude>
    <ClInclude Include="..\IOMessage.h">
      <Filter>Header Files</Filter>
    </ClInclude>
    <ClInclude Include="..\IOPerformance.h">
      <Filter>Header Files</Filter>
    </ClInclude>
    <ClInclude Include="..\IOPort.h">
      <Filter>Header Files</Filter>
    </ClInclude>
    <ClInclude Include="..\IOPortTCP.h">
      <Filter>Header Files</Filter>
    </ClInclude>
    <ClInclude Include="..\IOTarget.h">
      <Filter>Header Files</Filter>
    </ClInclude>
    <ClInclude Include="..\IOTargetDisk.h">
      <Filter>Header Files</Filter>
    </ClInclude>
    <ClInclude Include="..\IOTargetTCP.h">
      <Filter>Header Files</Filter>
    </ClInclude>
    <ClInclude Include="..\IOTargetVI.h">
      <Filter>Header Files</Filter>
    </ClInclude>
    <ClInclude Include="..\IOTest.h">
      <Filter>Header Files</Filter>
    </ClInclude>
    <ClInclude Include="..\IOTransfers.h">
      <Filter>Header Files</Filter>
    </ClInclude>
    <ClInclude Include="..\IOVersion.h">
      <Filter>Header Files</Filter>
    </ClInclude>
    <ClInclude Include="..\IOVIPL.h">
      <Filter>Header Files</Filter>
    </ClInclude>
    <ClInclude Include="..\Manager.h">
      <Filter>Header Files</Filter>
    </ClInclude>
    <ClInclude Include="..\ManagerList.h">
      <Filter>Header Files</Filter>
    </ClInclude>
    <ClInclude Include="..\ManagerMap.h">
      <Filter>Header Files</Filter>
    </ClInclude>
    <ClInclude Include="..\MeterCtrl.h">
      <Filter>Header Files</Filter>
    </ClInclude>
    <ClInclude Include="..\NetTCP.h">
      <Filter>Header Files</Filter>
    </ClInclude>
    <ClInclude Include="..\NetVI.h">
      <Filter>Header Files</Filter>
    </ClInclude>
    <ClInclude Include="..\Network.h">
      <Filter>Header Files</Filter>
    </ClInclude>
    <ClInclude Include="..\pack.h">
      <Filter>Header Files</Filter>
    </ClInclude>
    <ClInclude Include="..\unpack.h">
      <Filter>Header Files</Filter>
    </ClInclude>
    <ClInclude Include="..\VINic.h">
      <Filter>Header Files</Filter>
    </ClInclude>
    <ClInclude Include="..\vipl.h">
      <Filter>Header Files</Filter>
    </ClInclude>
    <ClInclude Include="..\Worker.h">
      <Filter>Header Files</Filter>
    </ClInclude>
    <ClInclude Include="..\PulsarRC.h">
      <Filter>Resource Files</Filter>
    </ClInclude>
  </ItemGroup>
  <ItemGroup>
    <ResourceCompile Include="..\Pulsar.rc">
      <Filter>Resource Files</Filter>
    </ResourceCompile>
  </ItemGroup>
  <ItemGroup>
    <None Include="..\Pulsar\makefile">
      <Filter>Ddk Build</Filter>
    </None>
    <None Include="..\Pulsar\sources">
      <Filter>Ddk Build</Filter>
    </None>
    <None Include="..\Makefile-Linux.i386">
      <Filter>non-Windows</Filter>
    </None>
    <None Include="..\Makefile-Linux.ia64">
      <Filter>non-Windows</Filter>
    </None>
    <None Include="..\Makefile-Linux.ppc">
      <Filter>non-Windows</Filter>
    </None>
    <None Include="..\Makefile-Linux.x86_64">
      <Filter>non-Windows</Filter>
    </None>
    <None Include="..\Makefile-Linux.xscale">
      <Filter>non-Windows</Filter>
    </None>
    <None Include="..\Makefile-NetWare.i386">
      <Filter>non-Windows</Filter>
    </None>
    <None Include="..\Makefile-OSX.all">
      <Filter>non-Windows</Filter>
    </None>
    <None Include="..\Makefile-Solaris.i386">
      <Filter>non-Windows</Filter>
    </None>
    <None Include="..\Makefile-Solaris.sparc">
      <Filter>non-Windows</Filter>
    </None>
  </ItemGroup>
  <ItemGroup>
    <CustomBuild Include="..\ostream64.h">
      <Filter>Header Files</Filter>
    </CustomBuild>
  </ItemGroup>
</Project>